
Microsoft Visual Studio Solution File, Format Version 10.00
# Visual Studio 2008
Project("{FAE04EC0-301F-11D3-BF4B-00C04F79EFBC}") = "Silverlight_ToolKit3", "Silverlight_ToolKit3\Silverlight_ToolKit3.csproj", "{817CC5B7-03A0-4AF8-BB27-D0CA4225D94B}"
EndProject
Project("{FAE04EC0-301F-11D3-BF4B-00C04F79EFBC}") = "Silverlight_ToolKit3.Web", "Silverlight_ToolKit3.Web\Silverlight_ToolKit3.Web.csproj", "{80C1C517-028C-45C3-97B9-920278580011}"
EndProject
Global
	GlobalSection(SolutionConfigurationPlatforms) = preSolution
		Debug|Any CPU = Debug|Any CPU
		Release|Any CPU = Release|Any CPU
	EndGlobalSection
	GlobalSection(ProjectConfigurationPlatforms) = postSolution
		{817CC5B7-03A0-4AF8-BB27-D0CA4225D94B}.Debug|Any CPU.ActiveCfg = Debug|Any CPU
		{817CC5B7-03A0-4AF8-BB27-D0CA4225D94B}.Debug|Any CPU.Build.0 = Debug|Any CPU
		{817CC5B7-03A0-4AF8-BB27-D0CA4225D94B}.Release|Any CPU.ActiveCfg = Release|Any CPU
		{817CC5B7-03A0-4AF8-BB27-D0CA4225D94B}.Release|Any CPU.Build.0 = Release|Any CPU
		{80C1C517-028C-45C3-97B9-920278580011}.Debug|Any CPU.ActiveCfg = Debug|Any CPU
		{80C1C517-028C-45C3-97B9-920278580011}.Debug|Any CPU.Build.0 = Debug|Any CPU
		{80C1C517-028C-45C3-97B9-920278580011}.Release|Any CPU.ActiveCfg = Release|Any CPU
		{80C1C517-028C-45C3-97B9-920278580011}.Release|Any CPU.Build.0 = Release|Any CPU
	EndGlobalSection
	GlobalSection(SolutionProperties) = preSolution
		HideSolutionNode = FALSE
	EndGlobalSection
EndGlobal
